// !$*UTF8*$!
{
	archiveVersion = 1;
	classes = {
	};
	objectVersion = 46;
	objects = {

/* Begin PBXBuildFile section */
		BF7F0219198716ED00D5EE52 /* AppDelegate.swift in Sources */ = {isa = PBXBuildFile; fileRef = BF7F0218198716ED00D5EE52 /* AppDelegate.swift */; };
		BF7F021B198716ED00D5EE52 /* FirstViewController.swift in Sources */ = {isa = PBXBuildFile; fileRef = BF7F021A198716ED00D5EE52 /* FirstViewController.swift */; };
		BF7F021D198716ED00D5EE52 /* SecondViewController.swift in Sources */ = {isa = PBXBuildFile; fileRef = BF7F021C198716ED00D5EE52 /* SecondViewController.swift */; };
		BF7F0220198716ED00D5EE52 /* Main.storyboard in Resources */ = {isa = PBXBuildFile; fileRef = BF7F021E198716ED00D5EE52 /* Main.storyboard */; };
		BF7F0222198716ED00D5EE52 /* Images.xcassets in Resources */ = {isa = PBXBuildFile; fileRef = BF7F0221198716ED00D5EE52 /* Images.xcassets */; };
		BF7F022E198716ED00D5EE52 /* Task_ListTests.swift in Sources */ = {isa = PBXBuildFile; fileRef = BF7F022D198716ED00D5EE52 /* Task_ListTests.swift */; };
/* End PBXBuildFile section */

/* Begin PBXContainerItemProxy section */
		BF7F0228198716ED00D5EE52 /* PBXContainerItemProxy */ = {
			isa = PBXContainerItemProxy;
			containerPortal = BF7F020B198716ED00D5EE52 /* Project object */;
			proxyType = 1;
			remoteGlobalIDString = BF7F0212198716ED00D5EE52;
			remoteInfo = "Task List";
		};
/* End PBXContainerItemProxy section */

/* Begin PBXFileReference section */
		BF7F0213198716ED00D5EE52 /* Task List.app */ = {isa = PBXFileReference; explicitFileType = wrapper.application; includeInIndex = 0; path = "Task List.app"; sourceTree = BUILT_PRODUCTS_DIR; };
		BF7F0217198716ED00D5EE52 /* Info.plist */ = {isa = PBXFileReference; lastKnownFileType = text.plist.xml; path = Info.plist; sourceTree = "<group>"; };
		BF7F0218198716ED00D5EE52 /* AppDelegate.swift */ = {isa = PBXFileReference; lastKnownFileType = sourcecode.swift; path = AppDelegate.swift; sourceTree = "<group>"; };
		BF7F021A198716ED00D5EE52 /* FirstViewController.swift */ = {isa = PBXFileReference; lastKnownFileType = sourcecode.swift; path = FirstViewController.swift; sourceTree = "<group>"; };
		BF7F021C198716ED00D5EE52 /* SecondViewController.swift */ = {isa = PBXFileReference; lastKnownFileType = sourcecode.swift; path = SecondViewController.swift; sourceTree = "<group>"; };
		BF7F021F198716ED00D5EE52 /* Base */ = {isa = PBXFileReference; lastKnownFileType = file.storyboard; name = Base; path = Base.lproj/Main.storyboard; sourceTree = "<group>"; };
		BF7F0221198716ED00D5EE52 /* Images.xcassets */ = {isa = PBXFileReference; lastKnownFileType = folder.assetcatalog; path = Images.xcassets; sourceTree = "<group>"; };
		BF7F0227198716ED00D5EE52 /* Task ListTests.xctest */ = {isa = PBXFileReference; explicitFileType = wrapper.cfbundle; includeInIndex = 0; path = "Task ListTests.xctest"; sourceTree = BUILT_PRODUCTS_DIR; };
		BF7F022C198716ED00D5EE52 /* Info.plist */ = {isa = PBXFileReference; lastKnownFileType = text.plist.xml; path = Info.plist; sourceTree = "<group>"; };
		BF7F022D198716ED00D5EE52 /* Task_ListTests.swift */ = {isa = PBXFileReference; lastKnownFileType = sourcecode.swift; path = Task_ListTests.swift; sourceTree = "<group>"; };
/* End PBXFileReference section */

/* Begin PBXFrameworksBuildPhase section */
		BF7F0210198716ED00D5EE52 /* Frameworks */ = {
			isa = PBXFrameworksBuildPhase;
			buildActionMask = 2147483647;
			files = (
			);
			runOnlyForDeploymentPostprocessing = 0;
		};
		BF7F0224198716ED00D5EE52 /* Frameworks */ = {
			isa = PBXFrameworksBuildPhase;
			buildActionMask = 2147483647;
			files = (
			);
			runOnlyForDeploymentPostprocessing = 0;
		};
/* End PBXFrameworksBuildPhase section */

/* Begin PBXGroup section */
		BF7F020A198716ED00D5EE52 = {
			isa = PBXGroup;
			children = (
				BF7F0215198716ED00D5EE52 /* Task List */,
				BF7F022A198716ED00D5EE52 /* Task ListTests */,
				BF7F0214198716ED00D5EE52 /* Products */,
			);
			sourceTree = "<group>";
		};
		BF7F0214198716ED00D5EE52 /* Products */ = {
			isa = PBXGroup;
			children = (
				BF7F0213198716ED00D5EE52 /* Task List.app */,
				BF7F0227198716ED00D5EE52 /* Task ListTests.xctest */,
			);
			name = Products;
			sourceTree = "<group>";
		};
		BF7F0215198716ED00D5EE52 /* Task List */ = {
			isa = PBXGroup;
			children = (
				BF7F0218198716ED00D5EE52 /* AppDelegate.swift */,
				BF7F021A198716ED00D5EE52 /* FirstViewController.swift */,
				BF7F021C198716ED00D5EE52 /* SecondViewController.swift */,
				BF7F021E198716ED00D5EE52 /* Main.storyboard */,
				BF7F0221198716ED00D5EE52 /* Images.xcassets */,
				BF7F0216198716ED00D5EE52 /* Supporting Files */,
			);
			path = "Task List";
			sourceTree = "<group>";
		};
		BF7F0216198716ED00D5EE52 /* Supporting Files */ = {
			isa = PBXGroup;
			children = (
				BF7F0217198716ED00D5EE52 /* Info.plist */,
			);
			name = "Supporting Files";
			sourceTree = "<group>";
		};
		BF7F022A198716ED00D5EE52 /* Task ListTests */ = {
			isa = PBXGroup;
			children = (
				BF7F022D198716ED00D5EE52 /* Task_ListTests.swift */,
				BF7F022B198716ED00D5EE52 /* Supporting Files */,
			);
			path = "Task ListTests";
			sourceTree = "<group>";
		};
		BF7F022B198716ED00D5EE52 /* Supporting Files */ = {
			isa = PBXGroup;
			children = (
				BF7F022C198716ED00D5EE52 /* Info.plist */,
			);
			name = "Supporting Files";
			sourceTree = "<group>";
		};
/* End PBXGroup section */

/* Begin PBXNativeTarget section */
		BF7F0212198716ED00D5EE52 /* Task List */ = {
			isa = PBXNativeTarget;
			buildConfigurationList = BF7F0231198716ED00D5EE52 /* Build configuration list for PBXNativeTarget "Task List" */;
			buildPhases = (
				BF7F020F198716ED00D5EE52 /* Sources */,
				BF7F0210198716ED00D5EE52 /* Frameworks */,
				BF7F0211198716ED00D5EE52 /* Resources */,
			);
			buildRules = (
			);
			dependencies = (
			);
			name = "Task List";
			productName = "Task List";
			productReference = BF7F0213198716ED00D5EE52 /* Task List.app */;
			productType = "com.apple.product-type.application";
		};
		BF7F0226198716ED00D5EE52 /* Task ListTests */ = {
			isa = PBXNativeTarget;
			buildConfigurationList = BF7F0234198716ED00D5EE52 /* Build configuration list for PBXNativeTarget "Task ListTests" */;
			buildPhases = (
				BF7F0223198716ED00D5EE52 /* Sources */,
				BF7F0224198716ED00D5EE52 /* Frameworks */,
				BF7F0225198716ED00D5EE52 /* Resources */,
			);
			buildRules = (
			);
			dependencies = (
				BF7F0229198716ED00D5EE52 /* PBXTargetDependency */,
			);
			name = "Task ListTests";
			productName = "Task ListTests";
			productReference = BF7F0227198716ED00D5EE52 /* Task ListTests.xctest */;
			productType = "com.apple.product-type.bundle.unit-test";
		};
/* End PBXNativeTarget section */

/* Begin PBXProject section */
		BF7F020B198716ED00D5EE52 /* Project object */ = {
			isa = PBXProject;
			attributes = {
				LastUpgradeCheck = 0600;
				ORGANIZATIONNAME = "Joey Mustaklem";
				TargetAttributes = {
					BF7F0212198716ED00D5EE52 = {
						CreatedOnToolsVersion = 6.0;
					};
					BF7F0226198716ED00D5EE52 = {
						CreatedOnToolsVersion = 6.0;
						TestTargetID = BF7F0212198716ED00D5EE52;
					};
				};
			};
			buildConfigurationList = BF7F020E198716ED00D5EE52 /* Build configuration list for PBXProject "Task List" */;
			compatibilityVersion = "Xcode 3.2";
			developmentRegion = English;
			hasScannedForEncodings = 0;
			knownRegions = (
				en,
				Base,
			);
			mainGroup = BF7F020A198716ED00D5EE52;
			productRefGroup = BF7F0214198716ED00D5EE52 /* Products */;
			projectDirPath = "";
			projectRoot = "";
			targets = (
				BF7F0212198716ED00D5EE52 /* Task List */,
				BF7F0226198716ED00D5EE52 /* Task ListTests */,
			);
		};
/* End PBXProject section */

/* Begin PBXResourcesBuildPhase section */
		BF7F0211198716ED00D5EE52 /* Resources */ = {
			isa = PBXResourcesBuildPhase;
			buildActionMask = 2147483647;
			files = (
				BF7F0220198716ED00D5EE52 /* Main.storyboard in Resources */,
				BF7F0222198716ED00D5EE52 /* Images.xcassets in Resources */,
			);
			runOnlyForDeploymentPostprocessing = 0;
		};
		BF7F0225198716ED00D5EE52 /* Resources */ = {
			isa = PBXResourcesBuildPhase;
			buildActionMask = 2147483647;
			files = (
			);
			runOnlyForDeploymentPostprocessing = 0;
		};
/* End PBXResourcesBuildPhase section */

/* Begin PBXSourcesBuildPhase section */
		BF7F020F198716ED00D5EE52 /* Sources */ = {
			isa = PBXSourcesBuildPhase;
			buildActionMask = 2147483647;
			files = (
				BF7F021D198716ED00D5EE52 /* SecondViewController.swift in Sources */,
				BF7F0219198716ED00D5EE52 /* AppDelegate.swift in Sources */,
				BF7F021B198716ED00D5EE52 /* FirstViewController.swift in Sources */,
			);
			runOnlyForDeploymentPostprocessing = 0;
		};
		BF7F0223198716ED00D5EE52 /* Sources */ = {
			isa = PBXSourcesBuildPhase;
			buildActionMask = 2147483647;
			files = (
				BF7F022E198716ED00D5EE52 /* Task_ListTests.swift in Sources */,
			);
			runOnlyForDeploymentPostprocessing = 0;
		};
/* End PBXSourcesBuildPhase section */

/* Begin PBXTargetDependency section */
		BF7F0229198716ED00D5EE52 /* PBXTargetDependency */ = {
			isa = PBXTargetDependency;
			target = BF7F0212198716ED00D5EE52 /* Task List */;
			targetProxy = BF7F0228198716ED00D5EE52 /* PBXContainerItemProxy */;
		};
/* End PBXTargetDependency section */

/* Begin PBXVariantGroup section */
		BF7F021E198716ED00D5EE52 /* Main.storyboard */ = {
			isa = PBXVariantGroup;
			children = (
				BF7F021F198716ED00D5EE52 /* Base */,
			);
			name = Main.storyboard;
			sourceTree = "<group>";
		};
/* End PBXVariantGroup section */

/* Begin XCBuildConfiguration section */
		BF7F022F198716ED00D5EE52 /* Debug */ = {
			isa = XCBuildConfiguration;
			buildSettings = {
				ALWAYS_SEARCH_USER_PATHS = NO;
				CLANG_CXX_LANGUAGE_STANDARD = "gnu++0x";
				CLANG_CXX_LIBRARY = "libc++";
				CLANG_ENABLE_MODULES = YES;
				CLANG_ENABLE_OBJC_ARC = YES;
				CLANG_WARN_BOOL_CONVERSION = YES;
				CLANG_WARN_CONSTANT_CONVERSION = YES;
				CLANG_WARN_DIRECT_OBJC_ISA_USAGE = YES_ERROR;
				CLANG_WARN_EMPTY_BODY = YES;
				CLANG_WARN_ENUM_CONVERSION = YES;
				CLANG_WARN_INT_CONVERSION = YES;
				CLANG_WARN_OBJC_ROOT_CLASS = YES_ERROR;
				CLANG_WARN_UNREACHABLE_CODE = YES;
				CLANG_WARN__DUPLICATE_METHOD_MATCH = YES;
				"CODE_SIGN_IDENTITY[sdk=iphoneos*]" = "iPhone Developer";
				COPY_PHASE_STRIP = NO;
				ENABLE_STRICT_OBJC_MSGSEND = YES;
				GCC_C_LANGUAGE_STANDARD = gnu99;
				GCC_DYNAMIC_NO_PIC = NO;
				GCC_OPTIMIZATION_LEVEL = 0;
				GCC_PREPROCESSOR_DEFINITIONS = (
					"DEBUG=1",
					"$(inherited)",
				);
				GCC_SYMBOLS_PRIVATE_EXTERN = NO;
				GCC_WARN_64_TO_32_BIT_CONVERSION = YES;
				GCC_WARN_ABOUT_RETURN_TYPE = YES_ERROR;
				GCC_WARN_UNDECLARED_SELECTOR = YES;
				GCC_WARN_UNINITIALIZED_AUTOS = YES_AGGRESSIVE;
				GCC_WARN_UNUSED_FUNCTION = YES;
				GCC_WARN_UNUSED_VARIABLE = YES;
				IPHONEOS_DEPLOYMENT_TARGET = 8.0;
				MTL_ENABLE_DEBUG_INFO = YES;
				ONLY_ACTIVE_ARCH = YES;
				SDKROOT = iphoneos;
				SWIFT_OPTIMIZATION_LEVEL = "-Onone";
			};
			name = Debug;
		};
		BF7F0230198716ED00D5EE52 /* Release */ = {
			isa = XCBuildConfiguration;
			buildSettings = {
				ALWAYS_SEARCH_USER_PATHS = NO;
				CLANG_CXX_LANGUAGE_STANDARD = "gnu++0x";
				CLANG_CXX_LIBRARY = "libc++";
				CLANG_ENABLE_MODULES = YES;
				CLANG_ENABLE_OBJC_ARC = YES;
				CLANG_WARN_BOOL_CONVERSION = YES;
				CLANG_WARN_CONSTANT_CONVERSION = YES;
				CLANG_WARN_DIRECT_OBJC_ISA_USAGE = YES_ERROR;
				CLANG_WARN_EMPTY_BODY = YES;
				CLANG_WARN_ENUM_CONVERSION = YES;
				CLANG_WARN_INT_CONVERSION = YES;
				CLANG_WARN_OBJC_ROOT_CLASS = YES_ERROR;
				CLANG_WARN_UNREACHABLE_CODE = YES;
				CLANG_WARN__DUPLICATE_METHOD_MATCH = YES;
				"CODE_SIGN_IDENTITY[sdk=iphoneos*]" = "iPhone Developer";
				COPY_PHASE_STRIP = YES;
				ENABLE_NS_ASSERTIONS = NO;
				ENABLE_STRICT_OBJC_MSGSEND = YES;
				GCC_C_LANGUAGE_STANDARD = gnu99;
				GCC_WARN_64_TO_32_BIT_CONVERSION = YES;
				GCC_WARN_ABOUT_RETURN_TYPE = YES_ERROR;
				GCC_WARN_UNDECLARED_SELECTOR = YES;
				GCC_WARN_UNINITIALIZED_AUTOS = YES_AGGRESSIVE;
				GCC_WARN_UNUSED_FUNCTION = YES;
				GCC_WARN_UNUSED_VARIABLE = YES;
				IPHONEOS_DEPLOYMENT_TARGET = 8.0;
				MTL_ENABLE_DEBUG_INFO = NO;
				SDKROOT = iphoneos;
				VALIDATE_PRODUCT = YES;
			};
			name = Release;
		};
		BF7F0232198716ED00D5EE52 /* Debug */ = {
			isa = XCBuildConfiguration;
			buildSettings = {
				ASSETCATALOG_COMPILER_APPICON_NAME = AppIcon;
				ASSETCATALOG_COMPILER_LAUNCHIMAGE_NAME = LaunchImage;
				INFOPLIST_FILE = "Task List/Info.plist";
				LD_RUNPATH_SEARCH_PATHS = "$(inherited) @executable_path/Frameworks";
				PRODUCT_NAME = "$(TARGET_NAME)";
			};
			name = Debug;
		};
		BF7F0233198716ED00D5EE52 /* Release */ = {
			isa = XCBuildConfiguration;
			buildSettings = {
				ASSETCATALOG_COMPILER_APPICON_NAME = AppIcon;
				ASSETCATALOG_COMPILER_LAUNCHIMAGE_NAME = LaunchImage;
				INFOPLIST_FILE = "Task List/Info.plist";
				LD_RUNPATH_SEARCH_PATHS = "$(inherited) @executable_path/Frameworks";
				PRODUCT_NAME = "$(TARGET_NAME)";
			};
			name = Release;
		};
		BF7F0235198716ED00D5EE52 /* Debug */ = {
			isa = XCBuildConfiguration;
			buildSettings = {
				BUNDLE_LOADER = "$(BUILT_PRODUCTS_DIR)/Task List.app/Task List";
				FRAMEWORK_SEARCH_PATHS = (
					"$(SDKROOT)/Developer/Library/Frameworks",
					"$(inherited)",
				);
				GCC_PREPROCESSOR_DEFINITIONS = (
					"DEBUG=1",
					"$(inherited)",
				);
				INFOPLIST_FILE = "Task ListTests/Info.plist";
				LD_RUNPATH_SEARCH_PATHS = "$(inherited) @executable_path/Frameworks @loader_path/Frameworks";
				PRODUCT_NAME = "$(TARGET_NAME)";
				TEST_HOST = "$(BUNDLE_LOADER)";
			};
			name = Debug;
		};
		BF7F0236198716ED00D5EE52 /* Release */ = {
			isa = XCBuildConfiguration;
			buildSettings = {
				BUNDLE_LOADER = "$(BUILT_PRODUCTS_DIR)/Task List.app/Task List";
				FRAMEWORK_SEARCH_PATHS = (
					"$(SDKROOT)/Developer/Library/Frameworks",
					"$(inherited)",
				);
				INFOPLIST_FILE = "Task ListTests/Info.plist";
				LD_RUNPATH_SEARCH_PATHS = "$(inherited) @executable_path/Frameworks @loader_path/Frameworks";
				PRODUCT_NAME = "$(TARGET_NAME)";
				TEST_HOST = "$(BUNDLE_LOADER)";
			};
			name = Release;
		};
/* End XCBuildConfiguration section */

/* Begin XCConfigurationList section */
		BF7F020E198716ED00D5EE52 /* Build configuration list for PBXProject "Task List" */ = {
			isa = XCConfigurationList;
			buildConfigurations = (
				BF7F022F198716ED00D5EE52 /* Debug */,
				BF7F0230198716ED00D5EE52 /* Release */,
			);
			defaultConfigurationIsVisible = 0;
			defaultConfigurationName = Release;
		};
		BF7F0231198716ED00D5EE52 /* Build configuration list for PBXNativeTarget "Task List" */ = {
			isa = XCConfigurationList;
			buildConfigurations = (
				BF7F0232198716ED00D5EE52 /* Debug */,
				BF7F0233198716ED00D5EE52 /* Release */,
			);
			defaultConfigurationIsVisible = 0;
		};
		BF7F0234198716ED00D5EE52 /* Build configuration list for PBXNativeTarget "Task ListTests" */ = {
			isa = XCConfigurationList;
			buildConfigurations = (
				BF7F0235198716ED00D5EE52 /* Debug */,
				BF7F0236198716ED00D5EE52 /* Release */,
			);
			defaultConfigurationIsVisible = 0;
		};
/* End XCConfigurationList section */
	};
	rootObject = BF7F020B198716ED00D5EE52 /* Project object */;
}
